
Microsoft Visual Studio Solution File, Format Version 12.00
# Visual Studio Version 17
VisualStudioVersion = 17.5.002.0
MinimumVisualStudioVersion = 10.0.40219.1
Project("{9A19103F-16F7-4668-BE54-9A1E7A4F7556}") = "GO2PET", "GO2PET.csproj", "{D00E4355-516C-4EC0-BD6A-76A7519A7297}"
EndProject
Global
	GlobalSection(SolutionConfigurationPlatforms) = preSolution
		Debug|Any CPU = Debug|Any CPU
		Release|Any CPU = Release|Any CPU
	EndGlobalSection
	GlobalSection(ProjectConfigurationPlatforms) = postSolution
		{D00E4355-516C-4EC0-BD6A-76A7519A7297}.Debug|Any CPU.ActiveCfg = Debug|Any CPU
		{D00E4355-516C-4EC0-BD6A-76A7519A7297}.Debug|Any CPU.Build.0 = Debug|Any CPU
		{D00E4355-516C-4EC0-BD6A-76A7519A7297}.Release|Any CPU.ActiveCfg = Release|Any CPU
		{D00E4355-516C-4EC0-BD6A-76A7519A7297}.Release|Any CPU.Build.0 = Release|Any CPU
	EndGlobalSection
	GlobalSection(SolutionProperties) = preSolution
		HideSolutionNode = FALSE
	EndGlobalSection
	GlobalSection(ExtensibilityGlobals) = postSolution
		SolutionGuid = {8C8A8D37-4139-4A1B-A500-36DB51D2F8FF}
	EndGlobalSection
EndGlobal
